
Microsoft Visual Studio Solution File, Format Version 12.00
# Visual Studio Version 17
VisualStudioVersion = 17.8.34525.116
MinimumVisualStudioVersion = 10.0.40219.1
Project("{FAE04EC0-301F-11D3-BF4B-00C04F79EFBC}") = "DailyReportAssignment", "DailyReportAssignment\DailyReportAssignment.csproj", "{C76C9BC5-B78C-411E-B859-6819440DE431}"
EndProject
Project("{FAE04EC0-301F-11D3-BF4B-00C04F79EFBC}") = "ConsoleMathAssignment", "ConsoleMathAssignment\ConsoleMathAssignment.csproj", "{6800FD46-65FE-401A-96B1-B7B5C9DF0238}"
EndProject
Project("{FAE04EC0-301F-11D3-BF4B-00C04F79EFBC}") = "BooleanLogicAssignment", "BooleanLogicAssignment\BooleanLogicAssignment.csproj", "{E27547EA-9BE1-45FB-8C7E-6B22FCE5DB24}"
EndProject
Project("{FAE04EC0-301F-11D3-BF4B-00C04F79EFBC}") = "BranchingAssignment", "BranchingAssignment\BranchingAssignment.csproj", "{D7CDDBEE-BA09-42E6-B92D-6D0296D2AD29}"
EndProject
Project("{FAE04EC0-301F-11D3-BF4B-00C04F79EFBC}") = "MathAndComparisonAssignment", "MathAndComparisonAssignment\MathAndComparisonAssignment.csproj", "{CDD60912-111B-4844-9CCD-0FD3438D93C7}"
EndProject
Project("{FAE04EC0-301F-11D3-BF4B-00C04F79EFBC}") = "WhileAndDoWhile", "WhileAndDoWhile\WhileAndDoWhile.csproj", "{01C1E3F0-C8C4-4220-8CA1-B8BB8DB26F17}"
EndProject
Project("{FAE04EC0-301F-11D3-BF4B-00C04F79EFBC}") = "StringAssignment", "StringAssignment\StringAssignment.csproj", "{8DF4C05D-0037-44C9-8CA4-D9DD4C6B4780}"
EndProject
Project("{FAE04EC0-301F-11D3-BF4B-00C04F79EFBC}") = "ArraySubmittion", "ArraySubmittion\ArraySubmittion.csproj", "{1F970630-1F88-4699-851F-E9A23107D302}"
EndProject
Project("{FAE04EC0-301F-11D3-BF4B-00C04F79EFBC}") = "ConsoleApp1", "ConsoleApp1\ConsoleApp1.csproj", "{4D42A5B0-D248-44E6-A481-81CE92E15625}"
EndProject
Project("{FAE04EC0-301F-11D3-BF4B-00C04F79EFBC}") = "StringsAndIntegers", "StringsAndIntegers\StringsAndIntegers.csproj", "{C2E887D5-896F-429B-90D4-3C7714D4874D}"
EndProject
Project("{FAE04EC0-301F-11D3-BF4B-00C04F79EFBC}") = "Blackjack", "Blackjack\Blackjack.csproj", "{331418B8-1E6B-446A-A3AC-5E0A4832DD69}"
EndProject
Project("{FAE04EC0-301F-11D3-BF4B-00C04F79EFBC}") = "Assignments", "Assignments\Assignments.csproj", "{5AE7F634-2354-46D1-A037-229B9F7F6B70}"
EndProject
Project("{FAE04EC0-301F-11D3-BF4B-00C04F79EFBC}") = "CallingMethodsAssignment", "CallingMethodsAssignment\CallingMethodsAssignment.csproj", "{21057045-04C8-45D8-AFA1-E30AD2DEFC6F}"
EndProject
Project("{FAE04EC0-301F-11D3-BF4B-00C04F79EFBC}") = "MainMethodAssignment", "MainMethodAssignment\MainMethodAssignment.csproj", "{79AD03B9-8324-4A71-90A0-4410E7ACA2F0}"
EndProject
Project("{FAE04EC0-301F-11D3-BF4B-00C04F79EFBC}") = "MethodsAssignment", "MethodsAssignment\MethodsAssignment.csproj", "{7AD685F4-EB69-4352-80B7-A8F1C6FCEA12}"
EndProject
Project("{FAE04EC0-301F-11D3-BF4B-00C04F79EFBC}") = "MethodClassAssignment", "MethodClassAssignment\MethodClassAssignment.csproj", "{2DA0316D-84C8-488B-BA33-84497DC331B5}"
EndProject
Project("{FAE04EC0-301F-11D3-BF4B-00C04F79EFBC}") = "ClassAssignment", "ClassAssignment\ClassAssignment.csproj", "{72653738-4C8D-4144-9557-F917C1D9E187}"
EndProject
Project("{FAE04EC0-301F-11D3-BF4B-00C04F79EFBC}") = "MethodsAndObjectsAssignment", "MethodsAndObjectsAssignment\MethodsAndObjectsAssignment.csproj", "{46E4A81C-998F-4C99-9770-52732BCE0BE6}"
EndProject
Project("{FAE04EC0-301F-11D3-BF4B-00C04F79EFBC}") = "AbstractClassAssignment", "AbstractClassAssignment\AbstractClassAssignment.csproj", "{88B6E04D-03D7-431E-946C-D42A18B45FA2}"
EndProject
Project("{FAE04EC0-301F-11D3-BF4B-00C04F79EFBC}") = "PolymorphismAssignment", "PolymorphismAssignment\PolymorphismAssignment.csproj", "{0C0641AE-82B2-41E4-B0A4-9EA87C9C8A20}"
EndProject
Project("{FAE04EC0-301F-11D3-BF4B-00C04F79EFBC}") = "OperatorsAssignment", "OperatorsAssignment\OperatorsAssignment.csproj", "{72ECE97D-695C-4FD7-91BA-7779F7B1069B}"
EndProject
Project("{FAE04EC0-301F-11D3-BF4B-00C04F79EFBC}") = "ParametersAssignment", "ParametersAssignment\ParametersAssignment.csproj", "{5874EB1D-35F8-4FE8-959E-E41B99586692}"
EndProject
Project("{FAE04EC0-301F-11D3-BF4B-00C04F79EFBC}") = "ParsingEnumsAssignment", "ParsingEnumsAssignment\ParsingEnumsAssignment.csproj", "{1F8DEECE-996B-48BC-AFFA-B01D330CA90C}"
EndProject
Project("{FAE04EC0-301F-11D3-BF4B-00C04F79EFBC}") = "StructAssignment", "StructAssignment\StructAssignment.csproj", "{69EA4D8B-E851-4A93-893E-8AF16B065D07}"
EndProject
Project("{FAE04EC0-301F-11D3-BF4B-00C04F79EFBC}") = "LambdaAssignment", "LambdaAssignment\LambdaAssignment.csproj", "{688EE174-6FAC-4F17-BBAE-1961902AC0B3}"
EndProject
Project("{FAE04EC0-301F-11D3-BF4B-00C04F79EFBC}") = "InputAssignment", "InputAssignment\InputAssignment.csproj", "{8C288C7B-EEFE-4C8B-95C3-7C130D883A45}"
EndProject
Project("{FAE04EC0-301F-11D3-BF4B-00C04F79EFBC}") = "DateTimeAssignment", "DateTimeAssignment\DateTimeAssignment.csproj", "{32438714-FFD2-4E26-93C4-195D423F1332}"
EndProject
Project("{FAE04EC0-301F-11D3-BF4B-00C04F79EFBC}") = "ConstructorAssignment", "ConstructorAssignment\ConstructorAssignment.csproj", "{40501443-DA8A-46DB-A408-D3AD0B697CAA}"
EndProject
Project("{FAE04EC0-301F-11D3-BF4B-00C04F79EFBC}") = "TryCatchAssignment", "TryCatchAssignment\TryCatchAssignment.csproj", "{2E32451B-7A23-41E4-B7D7-2D24CB889D13}"
EndProject
Project("{FAE04EC0-301F-11D3-BF4B-00C04F79EFBC}") = "WebFormsBasics", "WebFormsBasics\WebFormsBasics.csproj", "{88C7568B-B382-4C2C-81A0-AD66B04514B2}"
EndProject
Project("{FAE04EC0-301F-11D3-BF4B-00C04F79EFBC}") = "MVCBasics", "MVCBasics\MVCBasics.csproj", "{6FCC9D2D-0866-42D3-B6B7-4288CEACE185}"
EndProject
Global
	GlobalSection(SolutionConfigurationPlatforms) = preSolution
		Debug|Any CPU = Debug|Any CPU
		Release|Any CPU = Release|Any CPU
	EndGlobalSection
	GlobalSection(ProjectConfigurationPlatforms) = postSolution
		{C76C9BC5-B78C-411E-B859-6819440DE431}.Debug|Any CPU.ActiveCfg = Debug|Any CPU
		{C76C9BC5-B78C-411E-B859-6819440DE431}.Debug|Any CPU.Build.0 = Debug|Any CPU
		{C76C9BC5-B78C-411E-B859-6819440DE431}.Release|Any CPU.ActiveCfg = Release|Any CPU
		{C76C9BC5-B78C-411E-B859-6819440DE431}.Release|Any CPU.Build.0 = Release|Any CPU
		{6800FD46-65FE-401A-96B1-B7B5C9DF0238}.Debug|Any CPU.ActiveCfg = Debug|Any CPU
		{6800FD46-65FE-401A-96B1-B7B5C9DF0238}.Debug|Any CPU.Build.0 = Debug|Any CPU
		{6800FD46-65FE-401A-96B1-B7B5C9DF0238}.Release|Any CPU.ActiveCfg = Release|Any CPU
		{6800FD46-65FE-401A-96B1-B7B5C9DF0238}.Release|Any CPU.Build.0 = Release|Any CPU
		{E27547EA-9BE1-45FB-8C7E-6B22FCE5DB24}.Debug|Any CPU.ActiveCfg = Debug|Any CPU
		{E27547EA-9BE1-45FB-8C7E-6B22FCE5DB24}.Debug|Any CPU.Build.0 = Debug|Any CPU
		{E27547EA-9BE1-45FB-8C7E-6B22FCE5DB24}.Release|Any CPU.ActiveCfg = Release|Any CPU
		{E27547EA-9BE1-45FB-8C7E-6B22FCE5DB24}.Release|Any CPU.Build.0 = Release|Any CPU
		{D7CDDBEE-BA09-42E6-B92D-6D0296D2AD29}.Debug|Any CPU.ActiveCfg = Debug|Any CPU
		{D7CDDBEE-BA09-42E6-B92D-6D0296D2AD29}.Debug|Any CPU.Build.0 = Debug|Any CPU
		{D7CDDBEE-BA09-42E6-B92D-6D0296D2AD29}.Release|Any CPU.ActiveCfg = Release|Any CPU
		{D7CDDBEE-BA09-42E6-B92D-6D0296D2AD29}.Release|Any CPU.Build.0 = Release|Any CPU
		{CDD60912-111B-4844-9CCD-0FD3438D93C7}.Debug|Any CPU.ActiveCfg = Debug|Any CPU
		{CDD60912-111B-4844-9CCD-0FD3438D93C7}.Debug|Any CPU.Build.0 = Debug|Any CPU
		{CDD60912-111B-4844-9CCD-0FD3438D93C7}.Release|Any CPU.ActiveCfg = Release|Any CPU
		{CDD60912-111B-4844-9CCD-0FD3438D93C7}.Release|Any CPU.Build.0 = Release|Any CPU
		{01C1E3F0-C8C4-4220-8CA1-B8BB8DB26F17}.Debug|Any CPU.ActiveCfg = Debug|Any CPU
		{01C1E3F0-C8C4-4220-8CA1-B8BB8DB26F17}.Debug|Any CPU.Build.0 = Debug|Any CPU
		{01C1E3F0-C8C4-4220-8CA1-B8BB8DB26F17}.Release|Any CPU.ActiveCfg = Release|Any CPU
		{01C1E3F0-C8C4-4220-8CA1-B8BB8DB26F17}.Release|Any CPU.Build.0 = Release|Any CPU
		{8DF4C05D-0037-44C9-8CA4-D9DD4C6B4780}.Debug|Any CPU.ActiveCfg = Debug|Any CPU
		{8DF4C05D-0037-44C9-8CA4-D9DD4C6B4780}.Debug|Any CPU.Build.0 = Debug|Any CPU
		{8DF4C05D-0037-44C9-8CA4-D9DD4C6B4780}.Release|Any CPU.ActiveCfg = Release|Any CPU
		{8DF4C05D-0037-44C9-8CA4-D9DD4C6B4780}.Release|Any CPU.Build.0 = Release|Any CPU
		{1F970630-1F88-4699-851F-E9A23107D302}.Debug|Any CPU.ActiveCfg = Debug|Any CPU
		{1F970630-1F88-4699-851F-E9A23107D302}.Debug|Any CPU.Build.0 = Debug|Any CPU
		{1F970630-1F88-4699-851F-E9A23107D302}.Release|Any CPU.ActiveCfg = Release|Any CPU
		{1F970630-1F88-4699-851F-E9A23107D302}.Release|Any CPU.Build.0 = Release|Any CPU
		{4D42A5B0-D248-44E6-A481-81CE92E15625}.Debug|Any CPU.ActiveCfg = Debug|Any CPU
		{4D42A5B0-D248-44E6-A481-81CE92E15625}.Debug|Any CPU.Build.0 = Debug|Any CPU
		{4D42A5B0-D248-44E6-A481-81CE92E15625}.Release|Any CPU.ActiveCfg = Release|Any CPU
		{4D42A5B0-D248-44E6-A481-81CE92E15625}.Release|Any CPU.Build.0 = Release|Any CPU
		{C2E887D5-896F-429B-90D4-3C7714D4874D}.Debug|Any CPU.ActiveCfg = Debug|Any CPU
		{C2E887D5-896F-429B-90D4-3C7714D4874D}.Debug|Any CPU.Build.0 = Debug|Any CPU
		{C2E887D5-896F-429B-90D4-3C7714D4874D}.Release|Any CPU.ActiveCfg = Release|Any CPU
		{C2E887D5-896F-429B-90D4-3C7714D4874D}.Release|Any CPU.Build.0 = Release|Any CPU
		{331418B8-1E6B-446A-A3AC-5E0A4832DD69}.Debug|Any CPU.ActiveCfg = Debug|Any CPU
		{331418B8-1E6B-446A-A3AC-5E0A4832DD69}.Debug|Any CPU.Build.0 = Debug|Any CPU
		{331418B8-1E6B-446A-A3AC-5E0A4832DD69}.Release|Any CPU.ActiveCfg = Release|Any CPU
		{331418B8-1E6B-446A-A3AC-5E0A4832DD69}.Release|Any CPU.Build.0 = Release|Any CPU
		{5AE7F634-2354-46D1-A037-229B9F7F6B70}.Debug|Any CPU.ActiveCfg = Debug|Any CPU
		{5AE7F634-2354-46D1-A037-229B9F7F6B70}.Debug|Any CPU.Build.0 = Debug|Any CPU
		{5AE7F634-2354-46D1-A037-229B9F7F6B70}.Release|Any CPU.ActiveCfg = Release|Any CPU
		{5AE7F634-2354-46D1-A037-229B9F7F6B70}.Release|Any CPU.Build.0 = Release|Any CPU
		{21057045-04C8-45D8-AFA1-E30AD2DEFC6F}.Debug|Any CPU.ActiveCfg = Debug|Any CPU
		{21057045-04C8-45D8-AFA1-E30AD2DEFC6F}.Debug|Any CPU.Build.0 = Debug|Any CPU
		{21057045-04C8-45D8-AFA1-E30AD2DEFC6F}.Release|Any CPU.ActiveCfg = Release|Any CPU
		{21057045-04C8-45D8-AFA1-E30AD2DEFC6F}.Release|Any CPU.Build.0 = Release|Any CPU
		{79AD03B9-8324-4A71-90A0-4410E7ACA2F0}.Debug|Any CPU.ActiveCfg = Debug|Any CPU
		{79AD03B9-8324-4A71-90A0-4410E7ACA2F0}.Debug|Any CPU.Build.0 = Debug|Any CPU
		{79AD03B9-8324-4A71-90A0-4410E7ACA2F0}.Release|Any CPU.ActiveCfg = Release|Any CPU
		{79AD03B9-8324-4A71-90A0-4410E7ACA2F0}.Release|Any CPU.Build.0 = Release|Any CPU
		{7AD685F4-EB69-4352-80B7-A8F1C6FCEA12}.Debug|Any CPU.ActiveCfg = Debug|Any CPU
		{7AD685F4-EB69-4352-80B7-A8F1C6FCEA12}.Debug|Any CPU.Build.0 = Debug|Any CPU
		{7AD685F4-EB69-4352-80B7-A8F1C6FCEA12}.Release|Any CPU.ActiveCfg = Release|Any CPU
		{7AD685F4-EB69-4352-80B7-A8F1C6FCEA12}.Release|Any CPU.Build.0 = Release|Any CPU
		{2DA0316D-84C8-488B-BA33-84497DC331B5}.Debug|Any CPU.ActiveCfg = Debug|Any CPU
		{2DA0316D-84C8-488B-BA33-84497DC331B5}.Debug|Any CPU.Build.0 = Debug|Any CPU
		{2DA0316D-84C8-488B-BA33-84497DC331B5}.Release|Any CPU.ActiveCfg = Release|Any CPU
		{2DA0316D-84C8-488B-BA33-84497DC331B5}.Release|Any CPU.Build.0 = Release|Any CPU
		{72653738-4C8D-4144-9557-F917C1D9E187}.Debug|Any CPU.ActiveCfg = Debug|Any CPU
		{72653738-4C8D-4144-9557-F917C1D9E187}.Debug|Any CPU.Build.0 = Debug|Any CPU
		{72653738-4C8D-4144-9557-F917C1D9E187}.Release|Any CPU.ActiveCfg = Release|Any CPU
		{72653738-4C8D-4144-9557-F917C1D9E187}.Release|Any CPU.Build.0 = Release|Any CPU
		{46E4A81C-998F-4C99-9770-52732BCE0BE6}.Debug|Any CPU.ActiveCfg = Debug|Any CPU
		{46E4A81C-998F-4C99-9770-52732BCE0BE6}.Debug|Any CPU.Build.0 = Debug|Any CPU
		{46E4A81C-998F-4C99-9770-52732BCE0BE6}.Release|Any CPU.ActiveCfg = Release|Any CPU
		{46E4A81C-998F-4C99-9770-52732BCE0BE6}.Release|Any CPU.Build.0 = Release|Any CPU
		{88B6E04D-03D7-431E-946C-D42A18B45FA2}.Debug|Any CPU.ActiveCfg = Debug|Any CPU
		{88B6E04D-03D7-431E-946C-D42A18B45FA2}.Debug|Any CPU.Build.0 = Debug|Any CPU
		{88B6E04D-03D7-431E-946C-D42A18B45FA2}.Release|Any CPU.ActiveCfg = Release|Any CPU
		{88B6E04D-03D7-431E-946C-D42A18B45FA2}.Release|Any CPU.Build.0 = Release|Any CPU
		{0C0641AE-82B2-41E4-B0A4-9EA87C9C8A20}.Debug|Any CPU.ActiveCfg = Debug|Any CPU
		{0C0641AE-82B2-41E4-B0A4-9EA87C9C8A20}.Debug|Any CPU.Build.0 = Debug|Any CPU
		{0C0641AE-82B2-41E4-B0A4-9EA87C9C8A20}.Release|Any CPU.ActiveCfg = Release|Any CPU
		{0C0641AE-82B2-41E4-B0A4-9EA87C9C8A20}.Release|Any CPU.Build.0 = Release|Any CPU
		{72ECE97D-695C-4FD7-91BA-7779F7B1069B}.Debug|Any CPU.ActiveCfg = Debug|Any CPU
		{72ECE97D-695C-4FD7-91BA-7779F7B1069B}.Debug|Any CPU.Build.0 = Debug|Any CPU
		{72ECE97D-695C-4FD7-91BA-7779F7B1069B}.Release|Any CPU.ActiveCfg = Release|Any CPU
		{72ECE97D-695C-4FD7-91BA-7779F7B1069B}.Release|Any CPU.Build.0 = Release|Any CPU
		{5874EB1D-35F8-4FE8-959E-E41B99586692}.Debug|Any CPU.ActiveCfg = Debug|Any CPU
		{5874EB1D-35F8-4FE8-959E-E41B99586692}.Debug|Any CPU.Build.0 = Debug|Any CPU
		{5874EB1D-35F8-4FE8-959E-E41B99586692}.Release|Any CPU.ActiveCfg = Release|Any CPU
		{5874EB1D-35F8-4FE8-959E-E41B99586692}.Release|Any CPU.Build.0 = Release|Any CPU
		{1F8DEECE-996B-48BC-AFFA-B01D330CA90C}.Debug|Any CPU.ActiveCfg = Debug|Any CPU
		{1F8DEECE-996B-48BC-AFFA-B01D330CA90C}.Debug|Any CPU.Build.0 = Debug|Any CPU
		{1F8DEECE-996B-48BC-AFFA-B01D330CA90C}.Release|Any CPU.ActiveCfg = Release|Any CPU
		{1F8DEECE-996B-48BC-AFFA-B01D330CA90C}.Release|Any CPU.Build.0 = Release|Any CPU
		{69EA4D8B-E851-4A93-893E-8AF16B065D07}.Debug|Any CPU.ActiveCfg = Debug|Any CPU
		{69EA4D8B-E851-4A93-893E-8AF16B065D07}.Debug|Any CPU.Build.0 = Debug|Any CPU
		{69EA4D8B-E851-4A93-893E-8AF16B065D07}.Release|Any CPU.ActiveCfg = Release|Any CPU
		{69EA4D8B-E851-4A93-893E-8AF16B065D07}.Release|Any CPU.Build.0 = Release|Any CPU
		{688EE174-6FAC-4F17-BBAE-1961902AC0B3}.Debug|Any CPU.ActiveCfg = Debug|Any CPU
		{688EE174-6FAC-4F17-BBAE-1961902AC0B3}.Debug|Any CPU.Build.0 = Debug|Any CPU
		{688EE174-6FAC-4F17-BBAE-1961902AC0B3}.Release|Any CPU.ActiveCfg = Release|Any CPU
		{688EE174-6FAC-4F17-BBAE-1961902AC0B3}.Release|Any CPU.Build.0 = Release|Any CPU
		{8C288C7B-EEFE-4C8B-95C3-7C130D883A45}.Debug|Any CPU.ActiveCfg = Debug|Any CPU
		{8C288C7B-EEFE-4C8B-95C3-7C130D883A45}.Debug|Any CPU.Build.0 = Debug|Any CPU
		{8C288C7B-EEFE-4C8B-95C3-7C130D883A45}.Release|Any CPU.ActiveCfg = Release|Any CPU
		{8C288C7B-EEFE-4C8B-95C3-7C130D883A45}.Release|Any CPU.Build.0 = Release|Any CPU
		{32438714-FFD2-4E26-93C4-195D423F1332}.Debug|Any CPU.ActiveCfg = Debug|Any CPU
		{32438714-FFD2-4E26-93C4-195D423F1332}.Debug|Any CPU.Build.0 = Debug|Any CPU
		{32438714-FFD2-4E26-93C4-195D423F1332}.Release|Any CPU.ActiveCfg = Release|Any CPU
		{32438714-FFD2-4E26-93C4-195D423F1332}.Release|Any CPU.Build.0 = Release|Any CPU
		{40501443-DA8A-46DB-A408-D3AD0B697CAA}.Debug|Any CPU.ActiveCfg = Debug|Any CPU
		{40501443-DA8A-46DB-A408-D3AD0B697CAA}.Debug|Any CPU.Build.0 = Debug|Any CPU
		{40501443-DA8A-46DB-A408-D3AD0B697CAA}.Release|Any CPU.ActiveCfg = Release|Any CPU
		{40501443-DA8A-46DB-A408-D3AD0B697CAA}.Release|Any CPU.Build.0 = Release|Any CPU
		{2E32451B-7A23-41E4-B7D7-2D24CB889D13}.Debug|Any CPU.ActiveCfg = Debug|Any CPU
		{2E32451B-7A23-41E4-B7D7-2D24CB889D13}.Debug|Any CPU.Build.0 = Debug|Any CPU
		{2E32451B-7A23-41E4-B7D7-2D24CB889D13}.Release|Any CPU.ActiveCfg = Release|Any CPU
		{2E32451B-7A23-41E4-B7D7-2D24CB889D13}.Release|Any CPU.Build.0 = Release|Any CPU
		{88C7568B-B382-4C2C-81A0-AD66B04514B2}.Debug|Any CPU.ActiveCfg = Debug|Any CPU
		{88C7568B-B382-4C2C-81A0-AD66B04514B2}.Debug|Any CPU.Build.0 = Debug|Any CPU
		{88C7568B-B382-4C2C-81A0-AD66B04514B2}.Release|Any CPU.ActiveCfg = Release|Any CPU
		{88C7568B-B382-4C2C-81A0-AD66B04514B2}.Release|Any CPU.Build.0 = Release|Any CPU
		{6FCC9D2D-0866-42D3-B6B7-4288CEACE185}.Debug|Any CPU.ActiveCfg = Debug|Any CPU
		{6FCC9D2D-0866-42D3-B6B7-4288CEACE185}.Debug|Any CPU.Build.0 = Debug|Any CPU
		{6FCC9D2D-0866-42D3-B6B7-4288CEACE185}.Release|Any CPU.ActiveCfg = Release|Any CPU
		{6FCC9D2D-0866-42D3-B6B7-4288CEACE185}.Release|Any CPU.Build.0 = Release|Any CPU
	EndGlobalSection
	GlobalSection(SolutionProperties) = preSolution
		HideSolutionNode = FALSE
	EndGlobalSection
	GlobalSection(ExtensibilityGlobals) = postSolution
		SolutionGuid = {B24B1838-3B3D-42F6-B13A-9424CA37D946}
	EndGlobalSection
EndGlobal
